
Microsoft Visual Studio Solution File, Format Version 12.00
# Visual Studio 2013
VisualStudioVersion = 12.0.31101.0
MinimumVisualStudioVersion = 10.0.40219.1
Project("{FAE04EC0-301F-11D3-BF4B-00C04F79EFBC}") = "libAssetControl", "libAssetControl\libAssetControl.csproj", "{BEC35DA1-08EB-444F-83B7-C2D929AC44B5}"
EndProject
Project("{FAE04EC0-301F-11D3-BF4B-00C04F79EFBC}") = "AssetControl.Unity", "AssetControl.Unity\AssetControl.Unity.csproj", "{92628037-12B4-4E64-B52C-D0320CDF221A}"
EndProject
Project("{FAE04EC0-301F-11D3-BF4B-00C04F79EFBC}") = "AssetControl.Service", "AssetControl.Service\AssetControl.Service.csproj", "{A6F9DB3F-5DD0-400A-B16B-CF3F3D30862F}"
EndProject
Project("{FAE04EC0-301F-11D3-BF4B-00C04F79EFBC}") = "AssetControl", "AssetControl\AssetControl.csproj", "{6AA3670C-2D01-4A27-8A77-4CFB79005006}"
EndProject
Project("{FAE04EC0-301F-11D3-BF4B-00C04F79EFBC}") = "AssetControl.Daemon", "AssetControl.Daemon\AssetControl.Daemon.csproj", "{C5CD6C80-101C-4E97-AAFB-8E4877A9476E}"
EndProject
Project("{2150E333-8FDC-42A3-9474-1A3956D46DE8}") = "Solution Items", "Solution Items", "{214ACDA6-748B-4A7C-A970-C5FF9AF014D7}"
	ProjectSection(SolutionItems) = preProject
		.gitignore = .gitignore
		LICENSE.txt = LICENSE.txt
		README.txt = README.txt
	EndProjectSection
EndProject
Global
	GlobalSection(SolutionConfigurationPlatforms) = preSolution
		Debug|Any CPU = Debug|Any CPU
		Release|Any CPU = Release|Any CPU
	EndGlobalSection
	GlobalSection(ProjectConfigurationPlatforms) = postSolution
		{BEC35DA1-08EB-444F-83B7-C2D929AC44B5}.Debug|Any CPU.ActiveCfg = Debug|Any CPU
		{BEC35DA1-08EB-444F-83B7-C2D929AC44B5}.Debug|Any CPU.Build.0 = Debug|Any CPU
		{BEC35DA1-08EB-444F-83B7-C2D929AC44B5}.Release|Any CPU.ActiveCfg = Release|Any CPU
		{BEC35DA1-08EB-444F-83B7-C2D929AC44B5}.Release|Any CPU.Build.0 = Release|Any CPU
		{92628037-12B4-4E64-B52C-D0320CDF221A}.Debug|Any CPU.ActiveCfg = Debug|Any CPU
		{92628037-12B4-4E64-B52C-D0320CDF221A}.Debug|Any CPU.Build.0 = Debug|Any CPU
		{92628037-12B4-4E64-B52C-D0320CDF221A}.Release|Any CPU.ActiveCfg = Release|Any CPU
		{92628037-12B4-4E64-B52C-D0320CDF221A}.Release|Any CPU.Build.0 = Release|Any CPU
		{A6F9DB3F-5DD0-400A-B16B-CF3F3D30862F}.Debug|Any CPU.ActiveCfg = Debug|Any CPU
		{A6F9DB3F-5DD0-400A-B16B-CF3F3D30862F}.Debug|Any CPU.Build.0 = Debug|Any CPU
		{A6F9DB3F-5DD0-400A-B16B-CF3F3D30862F}.Release|Any CPU.ActiveCfg = Release|Any CPU
		{A6F9DB3F-5DD0-400A-B16B-CF3F3D30862F}.Release|Any CPU.Build.0 = Release|Any CPU
		{6AA3670C-2D01-4A27-8A77-4CFB79005006}.Debug|Any CPU.ActiveCfg = Debug|Any CPU
		{6AA3670C-2D01-4A27-8A77-4CFB79005006}.Debug|Any CPU.Build.0 = Debug|Any CPU
		{6AA3670C-2D01-4A27-8A77-4CFB79005006}.Release|Any CPU.ActiveCfg = Release|Any CPU
		{6AA3670C-2D01-4A27-8A77-4CFB79005006}.Release|Any CPU.Build.0 = Release|Any CPU
		{C5CD6C80-101C-4E97-AAFB-8E4877A9476E}.Debug|Any CPU.ActiveCfg = Debug|Any CPU
		{C5CD6C80-101C-4E97-AAFB-8E4877A9476E}.Debug|Any CPU.Build.0 = Debug|Any CPU
		{C5CD6C80-101C-4E97-AAFB-8E4877A9476E}.Release|Any CPU.ActiveCfg = Release|Any CPU
		{C5CD6C80-101C-4E97-AAFB-8E4877A9476E}.Release|Any CPU.Build.0 = Release|Any CPU
	EndGlobalSection
	GlobalSection(SolutionProperties) = preSolution
		HideSolutionNode = FALSE
	EndGlobalSection
EndGlobal
